
Microsoft Visual Studio Solution File, Format Version 12.00
# Visual Studio Version 17
VisualStudioVersion = 17.3.32901.215
MinimumVisualStudioVersion = 10.0.40219.1
Project("{FAE04EC0-301F-11D3-BF4B-00C04F79EFBC}") = "Task1", "Task1\Task1.csproj", "{B9B1B825-6C09-4636-904E-C90B44C685E6}"
EndProject
Project("{FAE04EC0-301F-11D3-BF4B-00C04F79EFBC}") = "Task2", "Task2\Task2.csproj", "{79A0D526-B056-46C1-B558-FB2FA831EF34}"
EndProject
Global
	GlobalSection(SolutionConfigurationPlatforms) = preSolution
		Debug|Any CPU = Debug|Any CPU
		Release|Any CPU = Release|Any CPU
	EndGlobalSection
	GlobalSection(ProjectConfigurationPlatforms) = postSolution
		{B9B1B825-6C09-4636-904E-C90B44C685E6}.Debug|Any CPU.ActiveCfg = Debug|Any CPU
		{B9B1B825-6C09-4636-904E-C90B44C685E6}.Debug|Any CPU.Build.0 = Debug|Any CPU
		{B9B1B825-6C09-4636-904E-C90B44C685E6}.Release|Any CPU.ActiveCfg = Release|Any CPU
		{B9B1B825-6C09-4636-904E-C90B44C685E6}.Release|Any CPU.Build.0 = Release|Any CPU
		{79A0D526-B056-46C1-B558-FB2FA831EF34}.Debug|Any CPU.ActiveCfg = Debug|Any CPU
		{79A0D526-B056-46C1-B558-FB2FA831EF34}.Debug|Any CPU.Build.0 = Debug|Any CPU
		{79A0D526-B056-46C1-B558-FB2FA831EF34}.Release|Any CPU.ActiveCfg = Release|Any CPU
		{79A0D526-B056-46C1-B558-FB2FA831EF34}.Release|Any CPU.Build.0 = Release|Any CPU
	EndGlobalSection
	GlobalSection(SolutionProperties) = preSolution
		HideSolutionNode = FALSE
	EndGlobalSection
	GlobalSection(ExtensibilityGlobals) = postSolution
		SolutionGuid = {6FEDFA46-53C5-4D67-88C0-594E42B36B9E}
	EndGlobalSection
EndGlobal
